
Microsoft Visual Studio Solution File, Format Version 12.00
# Visual Studio Version 16
VisualStudioVersion = 16.0.30804.86
MinimumVisualStudioVersion = 10.0.40219.1
Project("{9A19103F-16F7-4668-BE54-9A1E7A4F7556}") = "MemoSystem", "MemoSystem\MemoSystem.csproj", "{B869DAC5-29C0-448A-8498-BA1C6154CE96}"
EndProject
Project("{FAE04EC0-301F-11D3-BF4B-00C04F79EFBC}") = "Domains", "Domains\Domains.csproj", "{EDF2BEE1-3CC2-412D-A25B-605DC69CF78D}"
EndProject
Project("{FAE04EC0-301F-11D3-BF4B-00C04F79EFBC}") = "BL", "BL\BL.csproj", "{D3FBB253-D44C-42F2-BC97-F009821DD81C}"
EndProject
Global
	GlobalSection(SolutionConfigurationPlatforms) = preSolution
		Debug|Any CPU = Debug|Any CPU
		Release|Any CPU = Release|Any CPU
	EndGlobalSection
	GlobalSection(ProjectConfigurationPlatforms) = postSolution
		{B869DAC5-29C0-448A-8498-BA1C6154CE96}.Debug|Any CPU.ActiveCfg = Debug|Any CPU
		{B869DAC5-29C0-448A-8498-BA1C6154CE96}.Debug|Any CPU.Build.0 = Debug|Any CPU
		{B869DAC5-29C0-448A-8498-BA1C6154CE96}.Release|Any CPU.ActiveCfg = Release|Any CPU
		{B869DAC5-29C0-448A-8498-BA1C6154CE96}.Release|Any CPU.Build.0 = Release|Any CPU
		{EDF2BEE1-3CC2-412D-A25B-605DC69CF78D}.Debug|Any CPU.ActiveCfg = Debug|Any CPU
		{EDF2BEE1-3CC2-412D-A25B-605DC69CF78D}.Debug|Any CPU.Build.0 = Debug|Any CPU
		{EDF2BEE1-3CC2-412D-A25B-605DC69CF78D}.Release|Any CPU.ActiveCfg = Release|Any CPU
		{EDF2BEE1-3CC2-412D-A25B-605DC69CF78D}.Release|Any CPU.Build.0 = Release|Any CPU
		{D3FBB253-D44C-42F2-BC97-F009821DD81C}.Debug|Any CPU.ActiveCfg = Debug|Any CPU
		{D3FBB253-D44C-42F2-BC97-F009821DD81C}.Debug|Any CPU.Build.0 = Debug|Any CPU
		{D3FBB253-D44C-42F2-BC97-F009821DD81C}.Release|Any CPU.ActiveCfg = Release|Any CPU
		{D3FBB253-D44C-42F2-BC97-F009821DD81C}.Release|Any CPU.Build.0 = Release|Any CPU
	EndGlobalSection
	GlobalSection(SolutionProperties) = preSolution
		HideSolutionNode = FALSE
	EndGlobalSection
	GlobalSection(ExtensibilityGlobals) = postSolution
		SolutionGuid = {B2C36114-8434-4E92-B846-A53A5044E7C0}
	EndGlobalSection
EndGlobal
